
Microsoft Visual Studio Solution File, Format Version 12.00
# Visual Studio Version 17
VisualStudioVersion = 17.0.31903.59
MinimumVisualStudioVersion = 10.0.40219.1
Project("{8BC9CEB8-8B4A-11D0-8D11-00A0C91BC942}") = "affix-services-server", "affix-services-server\affix-services-server.vcxproj", "{A4BCCC53-350F-4D14-B6DD-FFB25BE2A63A}"
EndProject
Project("{8BC9CEB8-8B4A-11D0-8D11-00A0C91BC942}") = "affix-services-client", "affix-services-client\affix-services-client.vcxproj", "{B47125C7-5913-40D2-9428-EEE7896B57BC}"
EndProject
Project("{8BC9CEB8-8B4A-11D0-8D11-00A0C91BC942}") = "affix-base", "..\affix-base\affix-base\affix-base.vcxproj", "{7B4BFEE2-AC81-40CE-A365-529CFC1111B3}"
EndProject
Project("{8BC9CEB8-8B4A-11D0-8D11-00A0C91BC942}") = "affix-services", "affix-services\affix-services.vcxproj", "{EBF602B3-0557-428E-B7E8-2476688753BA}"
EndProject
Project("{8BC9CEB8-8B4A-11D0-8D11-00A0C91BC942}") = "cryptlib", "..\affix-base\cryptopp\cryptlib.vcxproj", "{C39F4B46-6E89-4074-902E-CA57073044D2}"
EndProject
Project("{8BC9CEB8-8B4A-11D0-8D11-00A0C91BC942}") = "alg_test", "alg_test\alg_test.vcxproj", "{EAA3E3C1-04D2-4BE4-9C23-9AD27E29A987}"
EndProject
Global
	GlobalSection(SolutionConfigurationPlatforms) = preSolution
		Debug|x64 = Debug|x64
		Debug|x86 = Debug|x86
		DLL-Import Debug|x64 = DLL-Import Debug|x64
		DLL-Import Debug|x86 = DLL-Import Debug|x86
		DLL-Import Release|x64 = DLL-Import Release|x64
		DLL-Import Release|x86 = DLL-Import Release|x86
		Release|x64 = Release|x64
		Release|x86 = Release|x86
		Standalone Debug|x64 = Standalone Debug|x64
		Standalone Debug|x86 = Standalone Debug|x86
		Standalone Release|x64 = Standalone Release|x64
		Standalone Release|x86 = Standalone Release|x86
	EndGlobalSection
	GlobalSection(ProjectConfigurationPlatforms) = postSolution
		{A4BCCC53-350F-4D14-B6DD-FFB25BE2A63A}.Debug|x64.ActiveCfg = Debug|x64
		{A4BCCC53-350F-4D14-B6DD-FFB25BE2A63A}.Debug|x64.Build.0 = Debug|x64
		{A4BCCC53-350F-4D14-B6DD-FFB25BE2A63A}.Debug|x86.ActiveCfg = Debug|Win32
		{A4BCCC53-350F-4D14-B6DD-FFB25BE2A63A}.Debug|x86.Build.0 = Debug|Win32
		{A4BCCC53-350F-4D14-B6DD-FFB25BE2A63A}.DLL-Import Debug|x64.ActiveCfg = Debug|x64
		{A4BCCC53-350F-4D14-B6DD-FFB25BE2A63A}.DLL-Import Debug|x64.Build.0 = Debug|x64
		{A4BCCC53-350F-4D14-B6DD-FFB25BE2A63A}.DLL-Import Debug|x86.ActiveCfg = Debug|Win32
		{A4BCCC53-350F-4D14-B6DD-FFB25BE2A63A}.DLL-Import Debug|x86.Build.0 = Debug|Win32
		{A4BCCC53-350F-4D14-B6DD-FFB25BE2A63A}.DLL-Import Release|x64.ActiveCfg = Release|x64
		{A4BCCC53-350F-4D14-B6DD-FFB25BE2A63A}.DLL-Import Release|x64.Build.0 = Release|x64
		{A4BCCC53-350F-4D14-B6DD-FFB25BE2A63A}.DLL-Import Release|x86.ActiveCfg = Release|Win32
		{A4BCCC53-350F-4D14-B6DD-FFB25BE2A63A}.DLL-Import Release|x86.Build.0 = Release|Win32
		{A4BCCC53-350F-4D14-B6DD-FFB25BE2A63A}.Release|x64.ActiveCfg = Release|x64
		{A4BCCC53-350F-4D14-B6DD-FFB25BE2A63A}.Release|x64.Build.0 = Release|x64
		{A4BCCC53-350F-4D14-B6DD-FFB25BE2A63A}.Release|x86.ActiveCfg = Release|Win32
		{A4BCCC53-350F-4D14-B6DD-FFB25BE2A63A}.Release|x86.Build.0 = Release|Win32
		{A4BCCC53-350F-4D14-B6DD-FFB25BE2A63A}.Standalone Debug|x64.ActiveCfg = Debug|x64
		{A4BCCC53-350F-4D14-B6DD-FFB25BE2A63A}.Standalone Debug|x64.Build.0 = Debug|x64
		{A4BCCC53-350F-4D14-B6DD-FFB25BE2A63A}.Standalone Debug|x86.ActiveCfg = Debug|Win32
		{A4BCCC53-350F-4D14-B6DD-FFB25BE2A63A}.Standalone Debug|x86.Build.0 = Debug|Win32
		{A4BCCC53-350F-4D14-B6DD-FFB25BE2A63A}.Standalone Release|x64.ActiveCfg = Release|x64
		{A4BCCC53-350F-4D14-B6DD-FFB25BE2A63A}.Standalone Release|x64.Build.0 = Release|x64
		{A4BCCC53-350F-4D14-B6DD-FFB25BE2A63A}.Standalone Release|x86.ActiveCfg = Release|Win32
		{A4BCCC53-350F-4D14-B6DD-FFB25BE2A63A}.Standalone Release|x86.Build.0 = Release|Win32
		{B47125C7-5913-40D2-9428-EEE7896B57BC}.Debug|x64.ActiveCfg = Debug|x64
		{B47125C7-5913-40D2-9428-EEE7896B57BC}.Debug|x64.Build.0 = Debug|x64
		{B47125C7-5913-40D2-9428-EEE7896B57BC}.Debug|x86.ActiveCfg = Debug|Win32
		{B47125C7-5913-40D2-9428-EEE7896B57BC}.Debug|x86.Build.0 = Debug|Win32
		{B47125C7-5913-40D2-9428-EEE7896B57BC}.DLL-Import Debug|x64.ActiveCfg = Debug|x64
		{B47125C7-5913-40D2-9428-EEE7896B57BC}.DLL-Import Debug|x64.Build.0 = Debug|x64
		{B47125C7-5913-40D2-9428-EEE7896B57BC}.DLL-Import Debug|x86.ActiveCfg = Debug|Win32
		{B47125C7-5913-40D2-9428-EEE7896B57BC}.DLL-Import Debug|x86.Build.0 = Debug|Win32
		{B47125C7-5913-40D2-9428-EEE7896B57BC}.DLL-Import Release|x64.ActiveCfg = Release|x64
		{B47125C7-5913-40D2-9428-EEE7896B57BC}.DLL-Import Release|x64.Build.0 = Release|x64
		{B47125C7-5913-40D2-9428-EEE7896B57BC}.DLL-Import Release|x86.ActiveCfg = Release|Win32
		{B47125C7-5913-40D2-9428-EEE7896B57BC}.DLL-Import Release|x86.Build.0 = Release|Win32
		{B47125C7-5913-40D2-9428-EEE7896B57BC}.Release|x64.ActiveCfg = Release|x64
		{B47125C7-5913-40D2-9428-EEE7896B57BC}.Release|x64.Build.0 = Release|x64
		{B47125C7-5913-40D2-9428-EEE7896B57BC}.Release|x86.ActiveCfg = Release|Win32
		{B47125C7-5913-40D2-9428-EEE7896B57BC}.Release|x86.Build.0 = Release|Win32
		{B47125C7-5913-40D2-9428-EEE7896B57BC}.Standalone Debug|x64.ActiveCfg = Debug|x64
		{B47125C7-5913-40D2-9428-EEE7896B57BC}.Standalone Debug|x64.Build.0 = Debug|x64
		{B47125C7-5913-40D2-9428-EEE7896B57BC}.Standalone Debug|x86.ActiveCfg = Debug|Win32
		{B47125C7-5913-40D2-9428-EEE7896B57BC}.Standalone Debug|x86.Build.0 = Debug|Win32
		{B47125C7-5913-40D2-9428-EEE7896B57BC}.Standalone Release|x64.ActiveCfg = Release|x64
		{B47125C7-5913-40D2-9428-EEE7896B57BC}.Standalone Release|x64.Build.0 = Release|x64
		{B47125C7-5913-40D2-9428-EEE7896B57BC}.Standalone Release|x86.ActiveCfg = Release|Win32
		{B47125C7-5913-40D2-9428-EEE7896B57BC}.Standalone Release|x86.Build.0 = Release|Win32
		{7B4BFEE2-AC81-40CE-A365-529CFC1111B3}.Debug|x64.ActiveCfg = Debug|x64
		{7B4BFEE2-AC81-40CE-A365-529CFC1111B3}.Debug|x64.Build.0 = Debug|x64
		{7B4BFEE2-AC81-40CE-A365-529CFC1111B3}.Debug|x86.ActiveCfg = Debug|Win32
		{7B4BFEE2-AC81-40CE-A365-529CFC1111B3}.Debug|x86.Build.0 = Debug|Win32
		{7B4BFEE2-AC81-40CE-A365-529CFC1111B3}.DLL-Import Debug|x64.ActiveCfg = Debug|x64
		{7B4BFEE2-AC81-40CE-A365-529CFC1111B3}.DLL-Import Debug|x64.Build.0 = Debug|x64
		{7B4BFEE2-AC81-40CE-A365-529CFC1111B3}.DLL-Import Debug|x86.ActiveCfg = Debug|Win32
		{7B4BFEE2-AC81-40CE-A365-529CFC1111B3}.DLL-Import Debug|x86.Build.0 = Debug|Win32
		{7B4BFEE2-AC81-40CE-A365-529CFC1111B3}.DLL-Import Release|x64.ActiveCfg = Release|x64
		{7B4BFEE2-AC81-40CE-A365-529CFC1111B3}.DLL-Import Release|x64.Build.0 = Release|x64
		{7B4BFEE2-AC81-40CE-A365-529CFC1111B3}.DLL-Import Release|x86.ActiveCfg = Release|Win32
		{7B4BFEE2-AC81-40CE-A365-529CFC1111B3}.DLL-Import Release|x86.Build.0 = Release|Win32
		{7B4BFEE2-AC81-40CE-A365-529CFC1111B3}.Release|x64.ActiveCfg = Release|x64
		{7B4BFEE2-AC81-40CE-A365-529CFC1111B3}.Release|x64.Build.0 = Release|x64
		{7B4BFEE2-AC81-40CE-A365-529CFC1111B3}.Release|x86.ActiveCfg = Release|Win32
		{7B4BFEE2-AC81-40CE-A365-529CFC1111B3}.Release|x86.Build.0 = Release|Win32
		{7B4BFEE2-AC81-40CE-A365-529CFC1111B3}.Standalone Debug|x64.ActiveCfg = Standalone Debug|x64
		{7B4BFEE2-AC81-40CE-A365-529CFC1111B3}.Standalone Debug|x64.Build.0 = Standalone Debug|x64
		{7B4BFEE2-AC81-40CE-A365-529CFC1111B3}.Standalone Debug|x86.ActiveCfg = Standalone Debug|Win32
		{7B4BFEE2-AC81-40CE-A365-529CFC1111B3}.Standalone Debug|x86.Build.0 = Standalone Debug|Win32
		{7B4BFEE2-AC81-40CE-A365-529CFC1111B3}.Standalone Release|x64.ActiveCfg = Standalone Release|x64
		{7B4BFEE2-AC81-40CE-A365-529CFC1111B3}.Standalone Release|x64.Build.0 = Standalone Release|x64
		{7B4BFEE2-AC81-40CE-A365-529CFC1111B3}.Standalone Release|x86.ActiveCfg = Standalone Release|Win32
		{7B4BFEE2-AC81-40CE-A365-529CFC1111B3}.Standalone Release|x86.Build.0 = Standalone Release|Win32
		{EBF602B3-0557-428E-B7E8-2476688753BA}.Debug|x64.ActiveCfg = Debug|x64
		{EBF602B3-0557-428E-B7E8-2476688753BA}.Debug|x64.Build.0 = Debug|x64
		{EBF602B3-0557-428E-B7E8-2476688753BA}.Debug|x86.ActiveCfg = Debug|Win32
		{EBF602B3-0557-428E-B7E8-2476688753BA}.Debug|x86.Build.0 = Debug|Win32
		{EBF602B3-0557-428E-B7E8-2476688753BA}.DLL-Import Debug|x64.ActiveCfg = Debug|x64
		{EBF602B3-0557-428E-B7E8-2476688753BA}.DLL-Import Debug|x64.Build.0 = Debug|x64
		{EBF602B3-0557-428E-B7E8-2476688753BA}.DLL-Import Debug|x86.ActiveCfg = Debug|Win32
		{EBF602B3-0557-428E-B7E8-2476688753BA}.DLL-Import Debug|x86.Build.0 = Debug|Win32
		{EBF602B3-0557-428E-B7E8-2476688753BA}.DLL-Import Release|x64.ActiveCfg = Release|x64
		{EBF602B3-0557-428E-B7E8-2476688753BA}.DLL-Import Release|x64.Build.0 = Release|x64
		{EBF602B3-0557-428E-B7E8-2476688753BA}.DLL-Import Release|x86.ActiveCfg = Release|Win32
		{EBF602B3-0557-428E-B7E8-2476688753BA}.DLL-Import Release|x86.Build.0 = Release|Win32
		{EBF602B3-0557-428E-B7E8-2476688753BA}.Release|x64.ActiveCfg = Release|x64
		{EBF602B3-0557-428E-B7E8-2476688753BA}.Release|x64.Build.0 = Release|x64
		{EBF602B3-0557-428E-B7E8-2476688753BA}.Release|x86.ActiveCfg = Release|Win32
		{EBF602B3-0557-428E-B7E8-2476688753BA}.Release|x86.Build.0 = Release|Win32
		{EBF602B3-0557-428E-B7E8-2476688753BA}.Standalone Debug|x64.ActiveCfg = Debug|x64
		{EBF602B3-0557-428E-B7E8-2476688753BA}.Standalone Debug|x64.Build.0 = Debug|x64
		{EBF602B3-0557-428E-B7E8-2476688753BA}.Standalone Debug|x86.ActiveCfg = Debug|Win32
		{EBF602B3-0557-428E-B7E8-2476688753BA}.Standalone Debug|x86.Build.0 = Debug|Win32
		{EBF602B3-0557-428E-B7E8-2476688753BA}.Standalone Release|x64.ActiveCfg = Release|x64
		{EBF602B3-0557-428E-B7E8-2476688753BA}.Standalone Release|x64.Build.0 = Release|x64
		{EBF602B3-0557-428E-B7E8-2476688753BA}.Standalone Release|x86.ActiveCfg = Release|Win32
		{EBF602B3-0557-428E-B7E8-2476688753BA}.Standalone Release|x86.Build.0 = Release|Win32
		{C39F4B46-6E89-4074-902E-CA57073044D2}.Debug|x64.ActiveCfg = Debug|x64
		{C39F4B46-6E89-4074-902E-CA57073044D2}.Debug|x64.Build.0 = Debug|x64
		{C39F4B46-6E89-4074-902E-CA57073044D2}.Debug|x86.ActiveCfg = Debug|Win32
		{C39F4B46-6E89-4074-902E-CA57073044D2}.Debug|x86.Build.0 = Debug|Win32
		{C39F4B46-6E89-4074-902E-CA57073044D2}.DLL-Import Debug|x64.ActiveCfg = DLL-Import Debug|x64
		{C39F4B46-6E89-4074-902E-CA57073044D2}.DLL-Import Debug|x64.Build.0 = DLL-Import Debug|x64
		{C39F4B46-6E89-4074-902E-CA57073044D2}.DLL-Import Debug|x86.ActiveCfg = DLL-Import Debug|Win32
		{C39F4B46-6E89-4074-902E-CA57073044D2}.DLL-Import Debug|x86.Build.0 = DLL-Import Debug|Win32
		{C39F4B46-6E89-4074-902E-CA57073044D2}.DLL-Import Release|x64.ActiveCfg = DLL-Import Release|x64
		{C39F4B46-6E89-4074-902E-CA57073044D2}.DLL-Import Release|x64.Build.0 = DLL-Import Release|x64
		{C39F4B46-6E89-4074-902E-CA57073044D2}.DLL-Import Release|x86.ActiveCfg = DLL-Import Release|Win32
		{C39F4B46-6E89-4074-902E-CA57073044D2}.DLL-Import Release|x86.Build.0 = DLL-Import Release|Win32
		{C39F4B46-6E89-4074-902E-CA57073044D2}.Release|x64.ActiveCfg = Release|x64
		{C39F4B46-6E89-4074-902E-CA57073044D2}.Release|x64.Build.0 = Release|x64
		{C39F4B46-6E89-4074-902E-CA57073044D2}.Release|x86.ActiveCfg = Release|Win32
		{C39F4B46-6E89-4074-902E-CA57073044D2}.Release|x86.Build.0 = Release|Win32
		{C39F4B46-6E89-4074-902E-CA57073044D2}.Standalone Debug|x64.ActiveCfg = Debug|x64
		{C39F4B46-6E89-4074-902E-CA57073044D2}.Standalone Debug|x64.Build.0 = Debug|x64
		{C39F4B46-6E89-4074-902E-CA57073044D2}.Standalone Debug|x86.ActiveCfg = Debug|Win32
		{C39F4B46-6E89-4074-902E-CA57073044D2}.Standalone Debug|x86.Build.0 = Debug|Win32
		{C39F4B46-6E89-4074-902E-CA57073044D2}.Standalone Release|x64.ActiveCfg = Release|x64
		{C39F4B46-6E89-4074-902E-CA57073044D2}.Standalone Release|x64.Build.0 = Release|x64
		{C39F4B46-6E89-4074-902E-CA57073044D2}.Standalone Release|x86.ActiveCfg = Release|Win32
		{C39F4B46-6E89-4074-902E-CA57073044D2}.Standalone Release|x86.Build.0 = Release|Win32
		{EAA3E3C1-04D2-4BE4-9C23-9AD27E29A987}.Debug|x64.ActiveCfg = Debug|x64
		{EAA3E3C1-04D2-4BE4-9C23-9AD27E29A987}.Debug|x64.Build.0 = Debug|x64
		{EAA3E3C1-04D2-4BE4-9C23-9AD27E29A987}.Debug|x86.ActiveCfg = Debug|Win32
		{EAA3E3C1-04D2-4BE4-9C23-9AD27E29A987}.Debug|x86.Build.0 = Debug|Win32
		{EAA3E3C1-04D2-4BE4-9C23-9AD27E29A987}.DLL-Import Debug|x64.ActiveCfg = Debug|x64
		{EAA3E3C1-04D2-4BE4-9C23-9AD27E29A987}.DLL-Import Debug|x64.Build.0 = Debug|x64
		{EAA3E3C1-04D2-4BE4-9C23-9AD27E29A987}.DLL-Import Debug|x86.ActiveCfg = Debug|Win32
		{EAA3E3C1-04D2-4BE4-9C23-9AD27E29A987}.DLL-Import Debug|x86.Build.0 = Debug|Win32
		{EAA3E3C1-04D2-4BE4-9C23-9AD27E29A987}.DLL-Import Release|x64.ActiveCfg = Release|x64
		{EAA3E3C1-04D2-4BE4-9C23-9AD27E29A987}.DLL-Import Release|x64.Build.0 = Release|x64
		{EAA3E3C1-04D2-4BE4-9C23-9AD27E29A987}.DLL-Import Release|x86.ActiveCfg = Release|Win32
		{EAA3E3C1-04D2-4BE4-9C23-9AD27E29A987}.DLL-Import Release|x86.Build.0 = Release|Win32
		{EAA3E3C1-04D2-4BE4-9C23-9AD27E29A987}.Release|x64.ActiveCfg = Release|x64
		{EAA3E3C1-04D2-4BE4-9C23-9AD27E29A987}.Release|x64.Build.0 = Release|x64
		{EAA3E3C1-04D2-4BE4-9C23-9AD27E29A987}.Release|x86.ActiveCfg = Release|Win32
		{EAA3E3C1-04D2-4BE4-9C23-9AD27E29A987}.Release|x86.Build.0 = Release|Win32
		{EAA3E3C1-04D2-4BE4-9C23-9AD27E29A987}.Standalone Debug|x64.ActiveCfg = Debug|x64
		{EAA3E3C1-04D2-4BE4-9C23-9AD27E29A987}.Standalone Debug|x64.Build.0 = Debug|x64
		{EAA3E3C1-04D2-4BE4-9C23-9AD27E29A987}.Standalone Debug|x86.ActiveCfg = Debug|Win32
		{EAA3E3C1-04D2-4BE4-9C23-9AD27E29A987}.Standalone Debug|x86.Build.0 = Debug|Win32
		{EAA3E3C1-04D2-4BE4-9C23-9AD27E29A987}.Standalone Release|x64.ActiveCfg = Release|x64
		{EAA3E3C1-04D2-4BE4-9C23-9AD27E29A987}.Standalone Release|x64.Build.0 = Release|x64
		{EAA3E3C1-04D2-4BE4-9C23-9AD27E29A987}.Standalone Release|x86.ActiveCfg = Release|Win32
		{EAA3E3C1-04D2-4BE4-9C23-9AD27E29A987}.Standalone Release|x86.Build.0 = Release|Win32
	EndGlobalSection
	GlobalSection(SolutionProperties) = preSolution
		HideSolutionNode = FALSE
	EndGlobalSection
	GlobalSection(ExtensibilityGlobals) = postSolution
		SolutionGuid = {E4B6D1A0-26B6-494F-943C-8A1BC11E6A9A}
	EndGlobalSection
EndGlobal
