
Microsoft Visual Studio Solution File, Format Version 12.00
# Visual Studio Version 16
VisualStudioVersion = 16.0.31112.23
MinimumVisualStudioVersion = 10.0.40219.1
Project("{8BC9CEB8-8B4A-11D0-8D11-00A0C91BC942}") = "affix-services", "affix-services\affix-services.vcxproj", "{05F915D3-F691-4C08-B845-8EA69909B5F0}"
EndProject
Project("{8BC9CEB8-8B4A-11D0-8D11-00A0C91BC942}") = "affix-base", "..\affix-base\affix-base\affix-base.vcxproj", "{7B4BFEE2-AC81-40CE-A365-529CFC1111B3}"
EndProject
Project("{8BC9CEB8-8B4A-11D0-8D11-00A0C91BC942}") = "as-server", "as-server\as-server.vcxproj", "{E83F12F5-D9EF-4F2F-A109-52A07498DCD7}"
EndProject
Global
	GlobalSection(SolutionConfigurationPlatforms) = preSolution
		Debug|x64 = Debug|x64
		Debug|x86 = Debug|x86
		Release|x64 = Release|x64
		Release|x86 = Release|x86
	EndGlobalSection
	GlobalSection(ProjectConfigurationPlatforms) = postSolution
		{05F915D3-F691-4C08-B845-8EA69909B5F0}.Debug|x64.ActiveCfg = Debug|x64
		{05F915D3-F691-4C08-B845-8EA69909B5F0}.Debug|x64.Build.0 = Debug|x64
		{05F915D3-F691-4C08-B845-8EA69909B5F0}.Debug|x86.ActiveCfg = Debug|Win32
		{05F915D3-F691-4C08-B845-8EA69909B5F0}.Debug|x86.Build.0 = Debug|Win32
		{05F915D3-F691-4C08-B845-8EA69909B5F0}.Release|x64.ActiveCfg = Release|x64
		{05F915D3-F691-4C08-B845-8EA69909B5F0}.Release|x64.Build.0 = Release|x64
		{05F915D3-F691-4C08-B845-8EA69909B5F0}.Release|x86.ActiveCfg = Release|Win32
		{05F915D3-F691-4C08-B845-8EA69909B5F0}.Release|x86.Build.0 = Release|Win32
		{7B4BFEE2-AC81-40CE-A365-529CFC1111B3}.Debug|x64.ActiveCfg = Debug|x64
		{7B4BFEE2-AC81-40CE-A365-529CFC1111B3}.Debug|x64.Build.0 = Debug|x64
		{7B4BFEE2-AC81-40CE-A365-529CFC1111B3}.Debug|x86.ActiveCfg = Debug|Win32
		{7B4BFEE2-AC81-40CE-A365-529CFC1111B3}.Debug|x86.Build.0 = Debug|Win32
		{7B4BFEE2-AC81-40CE-A365-529CFC1111B3}.Release|x64.ActiveCfg = Release|x64
		{7B4BFEE2-AC81-40CE-A365-529CFC1111B3}.Release|x64.Build.0 = Release|x64
		{7B4BFEE2-AC81-40CE-A365-529CFC1111B3}.Release|x86.ActiveCfg = Release|Win32
		{7B4BFEE2-AC81-40CE-A365-529CFC1111B3}.Release|x86.Build.0 = Release|Win32
		{E83F12F5-D9EF-4F2F-A109-52A07498DCD7}.Debug|x64.ActiveCfg = Debug|x64
		{E83F12F5-D9EF-4F2F-A109-52A07498DCD7}.Debug|x64.Build.0 = Debug|x64
		{E83F12F5-D9EF-4F2F-A109-52A07498DCD7}.Debug|x86.ActiveCfg = Debug|Win32
		{E83F12F5-D9EF-4F2F-A109-52A07498DCD7}.Debug|x86.Build.0 = Debug|Win32
		{E83F12F5-D9EF-4F2F-A109-52A07498DCD7}.Release|x64.ActiveCfg = Release|x64
		{E83F12F5-D9EF-4F2F-A109-52A07498DCD7}.Release|x64.Build.0 = Release|x64
		{E83F12F5-D9EF-4F2F-A109-52A07498DCD7}.Release|x86.ActiveCfg = Release|Win32
		{E83F12F5-D9EF-4F2F-A109-52A07498DCD7}.Release|x86.Build.0 = Release|Win32
	EndGlobalSection
	GlobalSection(SolutionProperties) = preSolution
		HideSolutionNode = FALSE
	EndGlobalSection
	GlobalSection(ExtensibilityGlobals) = postSolution
		SolutionGuid = {DB2A4BB9-B5DD-42F0-918E-059603C3C767}
	EndGlobalSection
EndGlobal
