<?xml version="1.0" encoding="utf-8"?>
<Project ToolsVersion="4.0" xmlns="http://schemas.microsoft.com/developer/msbuild/2003">
  <ItemGroup>
    <Filter Include="Source Files">
      <UniqueIdentifier>{4FC737F1-C7A5-4376-A066-2A32D752A2FF}</UniqueIdentifier>
      <Extensions>cpp;c;cc;cxx;c++;cppm;ixx;def;odl;idl;hpj;bat;asm;asmx</Extensions>
    </Filter>
    <Filter Include="Header Files">
      <UniqueIdentifier>{93995380-89BD-4b04-88EB-625FBE52EBFB}</UniqueIdentifier>
      <Extensions>h;hh;hpp;hxx;h++;hm;inl;inc;ipp;xsd</Extensions>
    </Filter>
    <Filter Include="Resource Files">
      <UniqueIdentifier>{67DA6AB6-F800-4c08-8B7A-83BB121AAD01}</UniqueIdentifier>
      <Extensions>rc;ico;cur;bmp;dlg;rc2;rct;bin;rgs;gif;jpg;jpeg;jpe;resx;tiff;tif;png;wav;mfcribbon-ms</Extensions>
    </Filter>
    <Filter Include="Header Files\security">
      <UniqueIdentifier>{0a4cd69f-f18c-4c77-9a39-834c4b4c1c0d}</UniqueIdentifier>
    </Filter>
    <Filter Include="Source Files\security">
      <UniqueIdentifier>{664f53d9-ef29-4374-b06d-04df527ff2ce}</UniqueIdentifier>
    </Filter>
    <Filter Include="Header Files\networking">
      <UniqueIdentifier>{474e3cd5-fa04-4b7a-b1e5-fa554fcf2f43}</UniqueIdentifier>
    </Filter>
    <Filter Include="Source Files\networking">
      <UniqueIdentifier>{b63a2416-58cc-4d97-9ddd-5d290013a25f}</UniqueIdentifier>
    </Filter>
    <Filter Include="Source Files\messaging">
      <UniqueIdentifier>{079c81e4-4b85-4167-9fa7-6a03aeb2f82d}</UniqueIdentifier>
    </Filter>
    <Filter Include="Header Files\messaging">
      <UniqueIdentifier>{0c6e0580-fd61-4e25-ab8d-2b62d24880c2}</UniqueIdentifier>
    </Filter>
    <Filter Include="Header Files\details">
      <UniqueIdentifier>{69d898c4-4569-4e27-8079-3b87834cd551}</UniqueIdentifier>
    </Filter>
    <Filter Include="Header Files\application">
      <UniqueIdentifier>{07437575-5f1a-47da-9179-9aa1e52a7ea7}</UniqueIdentifier>
    </Filter>
    <Filter Include="Source Files\application">
      <UniqueIdentifier>{e77e02a4-6199-44dd-9fac-e66e76a1acbd}</UniqueIdentifier>
    </Filter>
  </ItemGroup>
  <ItemGroup>
    <ClInclude Include="security.h">
      <Filter>Header Files\security</Filter>
    </ClInclude>
    <ClInclude Include="rolling_token.h">
      <Filter>Header Files\security</Filter>
    </ClInclude>
    <ClInclude Include="networking.h">
      <Filter>Header Files\networking</Filter>
    </ClInclude>
    <ClInclude Include="authenticated_connection.h">
      <Filter>Header Files\networking</Filter>
    </ClInclude>
    <ClInclude Include="message_header.h">
      <Filter>Header Files\messaging</Filter>
    </ClInclude>
    <ClInclude Include="message_types.h">
      <Filter>Header Files\messaging</Filter>
    </ClInclude>
    <ClInclude Include="details.h">
      <Filter>Header Files\details</Filter>
    </ClInclude>
    <ClInclude Include="version.h">
      <Filter>Header Files\details</Filter>
    </ClInclude>
    <ClInclude Include="transmission_security_manager.h">
      <Filter>Header Files\security</Filter>
    </ClInclude>
    <ClInclude Include="transmission_result.h">
      <Filter>Header Files\networking</Filter>
    </ClInclude>
    <ClInclude Include="message_rqt_identity_push.h">
      <Filter>Header Files\messaging</Filter>
    </ClInclude>
    <ClInclude Include="connection_async_receive_result.h">
      <Filter>Header Files\networking</Filter>
    </ClInclude>
    <ClInclude Include="authentication_attempt.h">
      <Filter>Header Files\networking</Filter>
    </ClInclude>
    <ClInclude Include="authentication_attempt_result.h">
      <Filter>Header Files\networking</Filter>
    </ClInclude>
    <ClInclude Include="unauthenticated_connection.h">
      <Filter>Header Files\networking</Filter>
    </ClInclude>
    <ClInclude Include="messaging.h">
      <Filter>Header Files\messaging</Filter>
    </ClInclude>
    <ClInclude Include="message_rsp_identity_push.h">
      <Filter>Header Files\messaging</Filter>
    </ClInclude>
    <ClInclude Include="message_rqt_identity_delete.h">
      <Filter>Header Files\messaging</Filter>
    </ClInclude>
    <ClInclude Include="message_rsp_identity_delete.h">
      <Filter>Header Files\messaging</Filter>
    </ClInclude>
    <ClInclude Include="message_rqt_turn_create.h">
      <Filter>Header Files\messaging</Filter>
    </ClInclude>
    <ClInclude Include="message_rsp_turn_create.h">
      <Filter>Header Files\messaging</Filter>
    </ClInclude>
    <ClInclude Include="connection_processor.h">
      <Filter>Header Files\application</Filter>
    </ClInclude>
    <ClInclude Include="message_processor.h">
      <Filter>Header Files\application</Filter>
    </ClInclude>
    <ClInclude Include="server.h">
      <Filter>Header Files\application</Filter>
    </ClInclude>
    <ClInclude Include="server_configuration.h">
      <Filter>Header Files\application</Filter>
    </ClInclude>
    <ClInclude Include="application_configuration.h">
      <Filter>Header Files\application</Filter>
    </ClInclude>
    <ClInclude Include="pending_outbound_connection.h">
      <Filter>Header Files\networking</Filter>
    </ClInclude>
    <ClInclude Include="outbound_connection_configuration.h">
      <Filter>Header Files\networking</Filter>
    </ClInclude>
  </ItemGroup>
  <ItemGroup>
    <ClCompile Include="rolling_token.cpp">
      <Filter>Source Files\security</Filter>
    </ClCompile>
    <ClCompile Include="connection.cpp">
      <Filter>Source Files\networking</Filter>
    </ClCompile>
    <ClCompile Include="message_header.cpp">
      <Filter>Source Files\messaging</Filter>
    </ClCompile>
    <ClCompile Include="transmission_security_manager.cpp">
      <Filter>Source Files\security</Filter>
    </ClCompile>
    <ClCompile Include="connection_async_receive_result.cpp">
      <Filter>Source Files\networking</Filter>
    </ClCompile>
    <ClCompile Include="authentication_attempt.cpp">
      <Filter>Source Files\networking</Filter>
    </ClCompile>
    <ClCompile Include="authentication_attempt_result.cpp">
      <Filter>Source Files\networking</Filter>
    </ClCompile>
    <ClCompile Include="unauthenticated_connection.cpp">
      <Filter>Source Files\networking</Filter>
    </ClCompile>
    <ClCompile Include="message_rqt_identity_push.cpp">
      <Filter>Source Files\messaging</Filter>
    </ClCompile>
    <ClCompile Include="message_rsp_identity_push.cpp">
      <Filter>Source Files\messaging</Filter>
    </ClCompile>
    <ClCompile Include="message_rqt_identity_delete.cpp">
      <Filter>Source Files\messaging</Filter>
    </ClCompile>
    <ClCompile Include="message_rsp_identity_delete.cpp">
      <Filter>Source Files\messaging</Filter>
    </ClCompile>
    <ClCompile Include="message_rqt_turn_create.cpp">
      <Filter>Source Files\messaging</Filter>
    </ClCompile>
    <ClCompile Include="message_rsp_turn_create.cpp">
      <Filter>Source Files\messaging</Filter>
    </ClCompile>
    <ClCompile Include="message_processor.cpp">
      <Filter>Source Files\application</Filter>
    </ClCompile>
    <ClCompile Include="connection_processor.cpp">
      <Filter>Source Files\application</Filter>
    </ClCompile>
    <ClCompile Include="pending_outbound_connection.cpp">
      <Filter>Source Files\application</Filter>
    </ClCompile>
    <ClCompile Include="outbound_connection_configuration.cpp">
      <Filter>Source Files\application</Filter>
    </ClCompile>
    <ClCompile Include="server.cpp">
      <Filter>Source Files\application</Filter>
    </ClCompile>
    <ClCompile Include="server_configuration.cpp">
      <Filter>Source Files\application</Filter>
    </ClCompile>
    <ClCompile Include="application_configuration.cpp">
      <Filter>Source Files\application</Filter>
    </ClCompile>
  </ItemGroup>
</Project>